PODS:
  - FMDB (2.6.2):
    - FMDB/standard (= 2.6.2)
  - FMDB/standard (2.6.2)
  - GYDataCenter (0.1.1):
    - FMDB
  - SDWebImage (4.0.0):
    - SDWebImage/Core (= 4.0.0)
  - SDWebImage/Core (4.0.0)

DEPENDENCIES:
  - GYDataCenter (~> 0.1.1)
  - SDWebImage (~> 4.0.0-beta2)

SPEC CHECKSUMS:
  FMDB: 854a0341b4726e53276f2a8996f06f1b80f9259a
  GYDataCenter: 620dc2564589f50d2370a691303e0d7215f7c0af
  SDWebImage: 76a6348bdc74eb5a55dd08a091ef298e56b55e41

PODFILE CHECKSUM: 54a94dd0c7c5813022956991dda39c4c404137d6

COCOAPODS: 1.1.1
